
Microsoft Visual Studio Solution File, Format Version 12.00
# Visual Studio Version 17
VisualStudioVersion = 17.0.31903.59
MinimumVisualStudioVersion = 10.0.40219.1
Project("{54A90642-561A-4BB1-A94E-469ADEE60C69}") = "frontend.client", "src\Frontend\frontend.client\frontend.client.esproj", "{CFB4B84F-EB5B-A0F7-BDAC-A27EEA8626CF}"
EndProject
Project("{FAE04EC0-301F-11D3-BF4B-00C04F79EFBC}") = "Frontend.Server", "src\Frontend\Frontend.Server\Frontend.Server.csproj", "{58072987-3760-432E-BC07-423D038829F0}"
EndProject
Global
	GlobalSection(SolutionConfigurationPlatforms) = preSolution
		Debug|Any CPU = Debug|Any CPU
		Release|Any CPU = Release|Any CPU
	EndGlobalSection
	GlobalSection(ProjectConfigurationPlatforms) = postSolution
		{CFB4B84F-EB5B-A0F7-BDAC-A27EEA8626CF}.Debug|Any CPU.ActiveCfg = Debug|Any CPU
		{CFB4B84F-EB5B-A0F7-BDAC-A27EEA8626CF}.Debug|Any CPU.Build.0 = Debug|Any CPU
		{CFB4B84F-EB5B-A0F7-BDAC-A27EEA8626CF}.Debug|Any CPU.Deploy.0 = Debug|Any CPU
		{CFB4B84F-EB5B-A0F7-BDAC-A27EEA8626CF}.Release|Any CPU.ActiveCfg = Release|Any CPU
		{CFB4B84F-EB5B-A0F7-BDAC-A27EEA8626CF}.Release|Any CPU.Build.0 = Release|Any CPU
		{CFB4B84F-EB5B-A0F7-BDAC-A27EEA8626CF}.Release|Any CPU.Deploy.0 = Release|Any CPU
		{58072987-3760-432E-BC07-423D038829F0}.Debug|Any CPU.ActiveCfg = Debug|Any CPU
		{58072987-3760-432E-BC07-423D038829F0}.Debug|Any CPU.Build.0 = Debug|Any CPU
		{58072987-3760-432E-BC07-423D038829F0}.Release|Any CPU.ActiveCfg = Release|Any CPU
		{58072987-3760-432E-BC07-423D038829F0}.Release|Any CPU.Build.0 = Release|Any CPU
	EndGlobalSection
	GlobalSection(SolutionProperties) = preSolution
		HideSolutionNode = FALSE
	EndGlobalSection
EndGlobal
